
Microsoft Visual Studio Solution File, Format Version 12.00
# Visual Studio 15
VisualStudioVersion = 15.0.28010.2050
MinimumVisualStudioVersion = 10.0.40219.1
Project("{FAE04EC0-301F-11D3-BF4B-00C04F79EFBC}") = "Linq", "Linq\Linq.csproj", "{06253C51-5265-4898-B1B7-2AAEBDAAA178}"
EndProject
Project("{FAE04EC0-301F-11D3-BF4B-00C04F79EFBC}") = "From", "From\From.csproj", "{DE8ABEA7-3677-4913-877B-74725FBC3DD8}"
EndProject
Project("{FAE04EC0-301F-11D3-BF4B-00C04F79EFBC}") = "Select", "Select\Select.csproj", "{D21472CC-4C75-4E8E-B0DC-2F1FE54999D9}"
EndProject
Global
	GlobalSection(SolutionConfigurationPlatforms) = preSolution
		Debug|Any CPU = Debug|Any CPU
		Release|Any CPU = Release|Any CPU
	EndGlobalSection
	GlobalSection(ProjectConfigurationPlatforms) = postSolution
		{06253C51-5265-4898-B1B7-2AAEBDAAA178}.Debug|Any CPU.ActiveCfg = Debug|Any CPU
		{06253C51-5265-4898-B1B7-2AAEBDAAA178}.Debug|Any CPU.Build.0 = Debug|Any CPU
		{06253C51-5265-4898-B1B7-2AAEBDAAA178}.Release|Any CPU.ActiveCfg = Release|Any CPU
		{06253C51-5265-4898-B1B7-2AAEBDAAA178}.Release|Any CPU.Build.0 = Release|Any CPU
		{DE8ABEA7-3677-4913-877B-74725FBC3DD8}.Debug|Any CPU.ActiveCfg = Debug|Any CPU
		{DE8ABEA7-3677-4913-877B-74725FBC3DD8}.Debug|Any CPU.Build.0 = Debug|Any CPU
		{DE8ABEA7-3677-4913-877B-74725FBC3DD8}.Release|Any CPU.ActiveCfg = Release|Any CPU
		{DE8ABEA7-3677-4913-877B-74725FBC3DD8}.Release|Any CPU.Build.0 = Release|Any CPU
		{D21472CC-4C75-4E8E-B0DC-2F1FE54999D9}.Debug|Any CPU.ActiveCfg = Debug|Any CPU
		{D21472CC-4C75-4E8E-B0DC-2F1FE54999D9}.Debug|Any CPU.Build.0 = Debug|Any CPU
		{D21472CC-4C75-4E8E-B0DC-2F1FE54999D9}.Release|Any CPU.ActiveCfg = Release|Any CPU
		{D21472CC-4C75-4E8E-B0DC-2F1FE54999D9}.Release|Any CPU.Build.0 = Release|Any CPU
	EndGlobalSection
	GlobalSection(SolutionProperties) = preSolution
		HideSolutionNode = FALSE
	EndGlobalSection
	GlobalSection(ExtensibilityGlobals) = postSolution
		SolutionGuid = {B998F373-27FD-4825-A997-D6D4BBD5CC7E}
	EndGlobalSection
EndGlobal
